
Microsoft Visual Studio Solution File, Format Version 12.00
# Visual Studio Version 17
VisualStudioVersion = 17.14.36705.20 d17.14
MinimumVisualStudioVersion = 10.0.40219.1
Project("{8BC9CEB8-8B4A-11D0-8D11-00A0C91BC942}") = "Project6", "Project6\Project6.vcxproj", "{E1C74D91-0FE4-410D-B06F-00AB6015822F}"
EndProject
Global
	GlobalSection(SolutionConfigurationPlatforms) = preSolution
		Debug|x64 = Debug|x64
		Debug|x86 = Debug|x86
		Release|x64 = Release|x64
		Release|x86 = Release|x86
	EndGlobalSection
	GlobalSection(ProjectConfigurationPlatforms) = postSolution
		{E1C74D91-0FE4-410D-B06F-00AB6015822F}.Debug|x64.ActiveCfg = Debug|x64
		{E1C74D91-0FE4-410D-B06F-00AB6015822F}.Debug|x64.Build.0 = Debug|x64
		{E1C74D91-0FE4-410D-B06F-00AB6015822F}.Debug|x86.ActiveCfg = Debug|Win32
		{E1C74D91-0FE4-410D-B06F-00AB6015822F}.Debug|x86.Build.0 = Debug|Win32
		{E1C74D91-0FE4-410D-B06F-00AB6015822F}.Release|x64.ActiveCfg = Release|x64
		{E1C74D91-0FE4-410D-B06F-00AB6015822F}.Release|x64.Build.0 = Release|x64
		{E1C74D91-0FE4-410D-B06F-00AB6015822F}.Release|x86.ActiveCfg = Release|Win32
		{E1C74D91-0FE4-410D-B06F-00AB6015822F}.Release|x86.Build.0 = Release|Win32
	EndGlobalSection
	GlobalSection(SolutionProperties) = preSolution
		HideSolutionNode = FALSE
	EndGlobalSection
	GlobalSection(ExtensibilityGlobals) = postSolution
		SolutionGuid = {53EA6AB8-6D74-40E9-BF10-B79F96BCE2DE}
	EndGlobalSection
EndGlobal
